dependencies:
- name: postgresql
  repository: https://charts.bitnami.com/bitnami
  version: 12.1.4
- name: nginx-ingress-controller
  repository: https://charts.bitnami.com/bitnami
  version: 9.3.22
digest: sha256:12a7d60613cd586835c68230a2c1117f16244ca55b1b7cba51eaddb0123b03b9
generated: "2022-12-23T16:19:58.188927666Z"
